
Microsoft Visual Studio Solution File, Format Version 12.00
# Visual Studio Version 17
VisualStudioVersion = 17.1.32328.378
MinimumVisualStudioVersion = 10.0.40219.1
Project("{FAE04EC0-301F-11D3-BF4B-00C04F79EFBC}") = "BlazorSecure.Server", "BlazorSecure\Server\BlazorSecure.Server.csproj", "{CA610E09-429E-4307-82D2-63FCB761A062}"
EndProject
Project("{FAE04EC0-301F-11D3-BF4B-00C04F79EFBC}") = "BlazorSecure.Client", "BlazorSecure\Client\BlazorSecure.Client.csproj", "{FDAAF712-71E5-4416-983B-DBC746D45091}"
EndProject
Project("{FAE04EC0-301F-11D3-BF4B-00C04F79EFBC}") = "BlazorSecure.Shared", "BlazorSecure\Shared\BlazorSecure.Shared.csproj", "{3B33FA2E-55CB-4F55-B37D-A17899DF2267}"
EndProject
Global
	GlobalSection(SolutionConfigurationPlatforms) = preSolution
		Debug|Any CPU = Debug|Any CPU
		Release|Any CPU = Release|Any CPU
	EndGlobalSection
	GlobalSection(ProjectConfigurationPlatforms) = postSolution
		{CA610E09-429E-4307-82D2-63FCB761A062}.Debug|Any CPU.ActiveCfg = Debug|Any CPU
		{CA610E09-429E-4307-82D2-63FCB761A062}.Debug|Any CPU.Build.0 = Debug|Any CPU
		{CA610E09-429E-4307-82D2-63FCB761A062}.Release|Any CPU.ActiveCfg = Release|Any CPU
		{CA610E09-429E-4307-82D2-63FCB761A062}.Release|Any CPU.Build.0 = Release|Any CPU
		{FDAAF712-71E5-4416-983B-DBC746D45091}.Debug|Any CPU.ActiveCfg = Debug|Any CPU
		{FDAAF712-71E5-4416-983B-DBC746D45091}.Debug|Any CPU.Build.0 = Debug|Any CPU
		{FDAAF712-71E5-4416-983B-DBC746D45091}.Release|Any CPU.ActiveCfg = Release|Any CPU
		{FDAAF712-71E5-4416-983B-DBC746D45091}.Release|Any CPU.Build.0 = Release|Any CPU
		{3B33FA2E-55CB-4F55-B37D-A17899DF2267}.Debug|Any CPU.ActiveCfg = Debug|Any CPU
		{3B33FA2E-55CB-4F55-B37D-A17899DF2267}.Debug|Any CPU.Build.0 = Debug|Any CPU
		{3B33FA2E-55CB-4F55-B37D-A17899DF2267}.Release|Any CPU.ActiveCfg = Release|Any CPU
		{3B33FA2E-55CB-4F55-B37D-A17899DF2267}.Release|Any CPU.Build.0 = Release|Any CPU
	EndGlobalSection
	GlobalSection(SolutionProperties) = preSolution
		HideSolutionNode = FALSE
	EndGlobalSection
	GlobalSection(ExtensibilityGlobals) = postSolution
		SolutionGuid = {505CC3C7-884C-4D03-AD23-0B52DA0B6C9D}
	EndGlobalSection
EndGlobal
